
Microsoft Visual Studio Solution File, Format Version 12.00
# Visual Studio Version 17
VisualStudioVersion = 17.3.32825.248
MinimumVisualStudioVersion = 10.0.40219.1
Project("{8BC9CEB8-8B4A-11D0-8D11-00A0C91BC942}") = "Steep-TimeFlow", "Steep-TimeFlow\Steep-TimeFlow.vcxproj", "{A8E86826-649B-4D3F-83E1-9DD8C27DE57C}"
EndProject
Global
	GlobalSection(SolutionConfigurationPlatforms) = preSolution
		Debug|x64 = Debug|x64
		Debug|x86 = Debug|x86
		Release|x64 = Release|x64
		Release|x86 = Release|x86
	EndGlobalSection
	GlobalSection(ProjectConfigurationPlatforms) = postSolution
		{A8E86826-649B-4D3F-83E1-9DD8C27DE57C}.Debug|x64.ActiveCfg = Debug|x64
		{A8E86826-649B-4D3F-83E1-9DD8C27DE57C}.Debug|x64.Build.0 = Debug|x64
		{A8E86826-649B-4D3F-83E1-9DD8C27DE57C}.Debug|x86.ActiveCfg = Debug|Win32
		{A8E86826-649B-4D3F-83E1-9DD8C27DE57C}.Debug|x86.Build.0 = Debug|Win32
		{A8E86826-649B-4D3F-83E1-9DD8C27DE57C}.Release|x64.ActiveCfg = Release|x64
		{A8E86826-649B-4D3F-83E1-9DD8C27DE57C}.Release|x64.Build.0 = Release|x64
		{A8E86826-649B-4D3F-83E1-9DD8C27DE57C}.Release|x86.ActiveCfg = Release|Win32
		{A8E86826-649B-4D3F-83E1-9DD8C27DE57C}.Release|x86.Build.0 = Release|Win32
	EndGlobalSection
	GlobalSection(SolutionProperties) = preSolution
		HideSolutionNode = FALSE
	EndGlobalSection
	GlobalSection(ExtensibilityGlobals) = postSolution
		SolutionGuid = {D45963BA-5AF6-4604-B147-8616AF45EB93}
	EndGlobalSection
EndGlobal
